
Microsoft Visual Studio Solution File, Format Version 12.00
# Visual Studio Version 17
VisualStudioVersion = 17.0.32126.317
MinimumVisualStudioVersion = 10.0.40219.1
Project("{9A19103F-16F7-4668-BE54-9A1E7A4F7556}") = "ProgettoTesi", "ProgettoTesi\ProgettoTesi.csproj", "{99E5FF2A-4890-4C8A-A0FC-051FA48ED4B9}"
EndProject
Project("{9A19103F-16F7-4668-BE54-9A1E7A4F7556}") = "ProgettoTesi.Api", "ProgettoTesi.Api\ProgettoTesi.Api.csproj", "{905BA574-8E2E-4508-92A5-79099F89331F}"
EndProject
Project("{E53339B2-1760-4266-BCC7-CA923CBCF16C}") = "docker-compose", "docker-compose.dcproj", "{4ADBA1FC-FF29-4642-8101-A27AD714D5F7}"
EndProject
Project("{9A19103F-16F7-4668-BE54-9A1E7A4F7556}") = "ProgettoTesi.ApiGateway", "ProgettoTesi.ApiGateway\ProgettoTesi.ApiGateway.csproj", "{3FC9A985-8B66-4E94-B1AB-3A08E3521FCF}"
EndProject
Project("{9A19103F-16F7-4668-BE54-9A1E7A4F7556}") = "ProgettoTesi.DownloadAzureFunctions", "ProgettoTesi.DownloadAzureFunctions\ProgettoTesi.DownloadAzureFunctions.csproj", "{715DC23F-BFE3-4E63-880B-CB36086CA0F3}"
EndProject
Global
	GlobalSection(SolutionConfigurationPlatforms) = preSolution
		Debug|Any CPU = Debug|Any CPU
		Release|Any CPU = Release|Any CPU
	EndGlobalSection
	GlobalSection(ProjectConfigurationPlatforms) = postSolution
		{99E5FF2A-4890-4C8A-A0FC-051FA48ED4B9}.Debug|Any CPU.ActiveCfg = Debug|Any CPU
		{99E5FF2A-4890-4C8A-A0FC-051FA48ED4B9}.Debug|Any CPU.Build.0 = Debug|Any CPU
		{99E5FF2A-4890-4C8A-A0FC-051FA48ED4B9}.Release|Any CPU.ActiveCfg = Release|Any CPU
		{99E5FF2A-4890-4C8A-A0FC-051FA48ED4B9}.Release|Any CPU.Build.0 = Release|Any CPU
		{905BA574-8E2E-4508-92A5-79099F89331F}.Debug|Any CPU.ActiveCfg = Debug|Any CPU
		{905BA574-8E2E-4508-92A5-79099F89331F}.Debug|Any CPU.Build.0 = Debug|Any CPU
		{905BA574-8E2E-4508-92A5-79099F89331F}.Release|Any CPU.ActiveCfg = Release|Any CPU
		{905BA574-8E2E-4508-92A5-79099F89331F}.Release|Any CPU.Build.0 = Release|Any CPU
		{4ADBA1FC-FF29-4642-8101-A27AD714D5F7}.Debug|Any CPU.ActiveCfg = Debug|Any CPU
		{4ADBA1FC-FF29-4642-8101-A27AD714D5F7}.Debug|Any CPU.Build.0 = Debug|Any CPU
		{4ADBA1FC-FF29-4642-8101-A27AD714D5F7}.Release|Any CPU.ActiveCfg = Release|Any CPU
		{4ADBA1FC-FF29-4642-8101-A27AD714D5F7}.Release|Any CPU.Build.0 = Release|Any CPU
		{3FC9A985-8B66-4E94-B1AB-3A08E3521FCF}.Debug|Any CPU.ActiveCfg = Debug|Any CPU
		{3FC9A985-8B66-4E94-B1AB-3A08E3521FCF}.Debug|Any CPU.Build.0 = Debug|Any CPU
		{3FC9A985-8B66-4E94-B1AB-3A08E3521FCF}.Release|Any CPU.ActiveCfg = Release|Any CPU
		{3FC9A985-8B66-4E94-B1AB-3A08E3521FCF}.Release|Any CPU.Build.0 = Release|Any CPU
		{715DC23F-BFE3-4E63-880B-CB36086CA0F3}.Debug|Any CPU.ActiveCfg = Debug|Any CPU
		{715DC23F-BFE3-4E63-880B-CB36086CA0F3}.Debug|Any CPU.Build.0 = Debug|Any CPU
		{715DC23F-BFE3-4E63-880B-CB36086CA0F3}.Release|Any CPU.ActiveCfg = Release|Any CPU
		{715DC23F-BFE3-4E63-880B-CB36086CA0F3}.Release|Any CPU.Build.0 = Release|Any CPU
	EndGlobalSection
	GlobalSection(SolutionProperties) = preSolution
		HideSolutionNode = FALSE
	EndGlobalSection
	GlobalSection(ExtensibilityGlobals) = postSolution
		SolutionGuid = {025C15C9-FAC4-4DE2-9A41-BA245ED9B64E}
	EndGlobalSection
EndGlobal
